{
  "name": "WebDotPainter.Frontend",
  "lockfileVersion": 2,
  "requires": true,
  "packages": {
    "": {
      "dependencies": {
        "jquery": "^3.6.0",
        "konva": "^8.3.0"
      }
    },
    "node_modules/jquery": {
      "version": "3.6.0",
      "resolved": "https://registry.npmjs.org/jquery/-/jquery-3.6.0.tgz",
      "integrity": "sha512-JVzAR/AjBvVt2BmYhxRCSYysDsPcssdmTFnzyLEts9qNwmjmu4JTAMYubEfwVOSwpQ1I1sKKFcxhZCI2buerfw=="
    },
    "node_modules/konva": {
      "version": "8.3.0",
      "resolved": "https://registry.npmjs.org/konva/-/konva-8.3.0.tgz",
      "integrity": "sha512-V83lFjf1xPJp7SzWKktOgRFPYa8SOHKVfgru3jjdMjKTGNpCGrIh3CuJeKC/tJ5Fg0P3lOpPCR30gDbDsATmDA==",
      "funding": [
        {
          "type": "patreon",
          "url": "https://www.patreon.com/lavrton"
        },
        {
          "type": "opencollective",
          "url": "https://opencollective.com/konva"
        },
        {
          "type": "github",
          "url": "https://github.com/sponsors/lavrton"
        }
      ]
    }
  },
  "dependencies": {
    "jquery": {
      "version": "3.6.0",
      "resolved": "https://registry.npmjs.org/jquery/-/jquery-3.6.0.tgz",
      "integrity": "sha512-JVzAR/AjBvVt2BmYhxRCSYysDsPcssdmTFnzyLEts9qNwmjmu4JTAMYubEfwVOSwpQ1I1sKKFcxhZCI2buerfw=="
    },
    "konva": {
      "version": "8.3.0",
      "resolved": "https://registry.npmjs.org/konva/-/konva-8.3.0.tgz",
      "integrity": "sha512-V83lFjf1xPJp7SzWKktOgRFPYa8SOHKVfgru3jjdMjKTGNpCGrIh3CuJeKC/tJ5Fg0P3lOpPCR30gDbDsATmDA=="
    }
  }
}
