
Microsoft Visual Studio Solution File, Format Version 12.00
# Visual Studio Version 16
VisualStudioVersion = 16.0.31729.503
MinimumVisualStudioVersion = 10.0.40219.1
Project("{9A19103F-16F7-4668-BE54-9A1E7A4F7556}") = "WebDotPainter", "WebDotPainter\WebDotPainter.csproj", "{5305461A-B612-4750-8FBE-F9D3A9C32104}"
EndProject
Global
	GlobalSection(SolutionConfigurationPlatforms) = preSolution
		Debug|Any CPU = Debug|Any CPU
		Release|Any CPU = Release|Any CPU
	EndGlobalSection
	GlobalSection(ProjectConfigurationPlatforms) = postSolution
		{5305461A-B612-4750-8FBE-F9D3A9C32104}.Debug|Any CPU.ActiveCfg = Debug|Any CPU
		{5305461A-B612-4750-8FBE-F9D3A9C32104}.Debug|Any CPU.Build.0 = Debug|Any CPU
		{5305461A-B612-4750-8FBE-F9D3A9C32104}.Release|Any CPU.ActiveCfg = Release|Any CPU
		{5305461A-B612-4750-8FBE-F9D3A9C32104}.Release|Any CPU.Build.0 = Release|Any CPU
	EndGlobalSection
	GlobalSection(SolutionProperties) = preSolution
		HideSolutionNode = FALSE
	EndGlobalSection
	GlobalSection(ExtensibilityGlobals) = postSolution
		SolutionGuid = {4D66C3E7-C143-40C5-B4CF-423D8EDB307D}
	EndGlobalSection
EndGlobal
